// !$*UTF8*$!
{
	archiveVersion = 1;
	classes = {
	};
	objectVersion = 50;
	objects = {

/* Begin PBXBuildFile section */
		DAA48A01249B069000EC3011 /* AppDelegate.swift in Sources */ = {isa = PBXBuildFile; fileRef = DAA48A00249B069000EC3011 /* AppDelegate.swift */; };
		DAA48A03249B069000EC3011 /* SceneDelegate.swift in Sources */ = {isa = PBXBuildFile; fileRef = DAA48A02249B069000EC3011 /* SceneDelegate.swift */; };
		DAA48A05249B069000EC3011 /* ViewController.swift in Sources */ = {isa = PBXBuildFile; fileRef = DAA48A04249B069000EC3011 /* ViewController.swift */; };
		DAA48A08249B069000EC3011 /* Main.storyboard in Resources */ = {isa = PBXBuildFile; fileRef = DAA48A06249B069000EC3011 /* Main.storyboard */; };
		DAA48A0A249B069400EC3011 /* Assets.xcassets in Resources */ = {isa = PBXBuildFile; fileRef = DAA48A09249B069400EC3011 /* Assets.xcassets */; };
		DAA48A0D249B069400EC3011 /* LaunchScreen.storyboard in Resources */ = {isa = PBXBuildFile; fileRef = DAA48A0B249B069400EC3011 /* LaunchScreen.storyboard */; };
		DAA48A18249B069400EC3011 /* SimpleCalculatorTests.swift in Sources */ = {isa = PBXBuildFile; fileRef = DAA48A17249B069400EC3011 /* SimpleCalculatorTests.swift */; };
		DAA48A23249B069400EC3011 /* SimpleCalculatorUITests.swift in Sources */ = {isa = PBXBuildFile; fileRef = DAA48A22249B069400EC3011 /* SimpleCalculatorUITests.swift */; };
/* End PBXBuildFile section */

/* Begin PBXContainerItemProxy section */
		DAA48A14249B069400EC3011 /* PBXContainerItemProxy */ = {
			isa = PBXContainerItemProxy;
			containerPortal = DAA489F5249B069000EC3011 /* Project object */;
			proxyType = 1;
			remoteGlobalIDString = DAA489FC249B069000EC3011;
			remoteInfo = SimpleCalculator;
		};
		DAA48A1F249B069400EC3011 /* PBXContainerItemProxy */ = {
			isa = PBXContainerItemProxy;
			containerPortal = DAA489F5249B069000EC3011 /* Project object */;
			proxyType = 1;
			remoteGlobalIDString = DAA489FC249B069000EC3011;
			remoteInfo = SimpleCalculator;
		};
/* End PBXContainerItemProxy section */

/* Begin PBXFileReference section */
		DAA489FD249B069000EC3011 /* SimpleCalculator.app */ = {isa = PBXFileReference; explicitFileType = wrapper.application; includeInIndex = 0; path = SimpleCalculator.app; sourceTree = BUILT_PRODUCTS_DIR; };
		DAA48A00249B069000EC3011 /* AppDelegate.swift */ = {isa = PBXFileReference; lastKnownFileType = sourcecode.swift; path = AppDelegate.swift; sourceTree = "<group>"; };
		DAA48A02249B069000EC3011 /* SceneDelegate.swift */ = {isa = PBXFileReference; lastKnownFileType = sourcecode.swift; path = SceneDelegate.swift; sourceTree = "<group>"; };
		DAA48A04249B069000EC3011 /* ViewController.swift */ = {isa = PBXFileReference; lastKnownFileType = sourcecode.swift; path = ViewController.swift; sourceTree = "<group>"; };
		DAA48A07249B069000EC3011 /* Base */ = {isa = PBXFileReference; lastKnownFileType = file.storyboard; name = Base; path = Base.lproj/Main.storyboard; sourceTree = "<group>"; };
		DAA48A09249B069400EC3011 /* Assets.xcassets */ = {isa = PBXFileReference; lastKnownFileType = folder.assetcatalog; path = Assets.xcassets; sourceTree = "<group>"; };
		DAA48A0C249B069400EC3011 /* Base */ = {isa = PBXFileReference; lastKnownFileType = file.storyboard; name = Base; path = Base.lproj/LaunchScreen.storyboard; sourceTree = "<group>"; };
		DAA48A0E249B069400EC3011 /* Info.plist */ = {isa = PBXFileReference; lastKnownFileType = text.plist.xml; path = Info.plist; sourceTree = "<group>"; };
		DAA48A13249B069400EC3011 /* SimpleCalculatorTests.xctest */ = {isa = PBXFileReference; explicitFileType = wrapper.cfbundle; includeInIndex = 0; path = SimpleCalculatorTests.xctest; sourceTree = BUILT_PRODUCTS_DIR; };
		DAA48A17249B069400EC3011 /* SimpleCalculatorTests.swift */ = {isa = PBXFileReference; lastKnownFileType = sourcecode.swift; path = SimpleCalculatorTests.swift; sourceTree = "<group>"; };
		DAA48A19249B069400EC3011 /* Info.plist */ = {isa = PBXFileReference; lastKnownFileType = text.plist.xml; path = Info.plist; sourceTree = "<group>"; };
		DAA48A1E249B069400EC3011 /* SimpleCalculatorUITests.xctest */ = {isa = PBXFileReference; explicitFileType = wrapper.cfbundle; includeInIndex = 0; path = SimpleCalculatorUITests.xctest; sourceTree = BUILT_PRODUCTS_DIR; };
		DAA48A22249B069400EC3011 /* SimpleCalculatorUITests.swift */ = {isa = PBXFileReference; lastKnownFileType = sourcecode.swift; path = SimpleCalculatorUITests.swift; sourceTree = "<group>"; };
		DAA48A24249B069400EC3011 /* Info.plist */ = {isa = PBXFileReference; lastKnownFileType = text.plist.xml; path = Info.plist; sourceTree = "<group>"; };
/* End PBXFileReference section */

/* Begin PBXFrameworksBuildPhase section */
		DAA489FA249B069000EC3011 /* Frameworks */ = {
			isa = PBXFrameworksBuildPhase;
			buildActionMask = 2147483647;
			files = (
			);
			runOnlyForDeploymentPostprocessing = 0;
		};
		DAA48A10249B069400EC3011 /* Frameworks */ = {
			isa = PBXFrameworksBuildPhase;
			buildActionMask = 2147483647;
			files = (
			);
			runOnlyForDeploymentPostprocessing = 0;
		};
		DAA48A1B249B069400EC3011 /* Frameworks */ = {
			isa = PBXFrameworksBuildPhase;
			buildActionMask = 2147483647;
			files = (
			);
			runOnlyForDeploymentPostprocessing = 0;
		};
/* End PBXFrameworksBuildPhase section */

/* Begin PBXGroup section */
		DAA489F4249B069000EC3011 = {
			isa = PBXGroup;
			children = (
				DAA489FF249B069000EC3011 /* SimpleCalculator */,
				DAA48A16249B069400EC3011 /* SimpleCalculatorTests */,
				DAA48A21249B069400EC3011 /* SimpleCalculatorUITests */,
				DAA489FE249B069000EC3011 /* Products */,
			);
			sourceTree = "<group>";
		};
		DAA489FE249B069000EC3011 /* Products */ = {
			isa = PBXGroup;
			children = (
				DAA489FD249B069000EC3011 /* SimpleCalculator.app */,
				DAA48A13249B069400EC3011 /* SimpleCalculatorTests.xctest */,
				DAA48A1E249B069400EC3011 /* SimpleCalculatorUITests.xctest */,
			);
			name = Products;
			sourceTree = "<group>";
		};
		DAA489FF249B069000EC3011 /* SimpleCalculator */ = {
			isa = PBXGroup;
			children = (
				DAA48A00249B069000EC3011 /* AppDelegate.swift */,
				DAA48A02249B069000EC3011 /* SceneDelegate.swift */,
				DAA48A04249B069000EC3011 /* ViewController.swift */,
				DAA48A06249B069000EC3011 /* Main.storyboard */,
				DAA48A09249B069400EC3011 /* Assets.xcassets */,
				DAA48A0B249B069400EC3011 /* LaunchScreen.storyboard */,
				DAA48A0E249B069400EC3011 /* Info.plist */,
			);
			path = SimpleCalculator;
			sourceTree = "<group>";
		};
		DAA48A16249B069400EC3011 /* SimpleCalculatorTests */ = {
			isa = PBXGroup;
			children = (
				DAA48A17249B069400EC3011 /* SimpleCalculatorTests.swift */,
				DAA48A19249B069400EC3011 /* Info.plist */,
			);
			path = SimpleCalculatorTests;
			sourceTree = "<group>";
		};
		DAA48A21249B069400EC3011 /* SimpleCalculatorUITests */ = {
			isa = PBXGroup;
			children = (
				DAA48A22249B069400EC3011 /* SimpleCalculatorUITests.swift */,
				DAA48A24249B069400EC3011 /* Info.plist */,
			);
			path = SimpleCalculatorUITests;
			sourceTree = "<group>";
		};
/* End PBXGroup section */

/* Begin PBXNativeTarget section */
		DAA489FC249B069000EC3011 /* SimpleCalculator */ = {
			isa = PBXNativeTarget;
			buildConfigurationList = DAA48A27249B069400EC3011 /* Build configuration list for PBXNativeTarget "SimpleCalculator" */;
			buildPhases = (
				DAA489F9249B069000EC3011 /* Sources */,
				DAA489FA249B069000EC3011 /* Frameworks */,
				DAA489FB249B069000EC3011 /* Resources */,
			);
			buildRules = (
			);
			dependencies = (
			);
			name = SimpleCalculator;
			productName = SimpleCalculator;
			productReference = DAA489FD249B069000EC3011 /* SimpleCalculator.app */;
			productType = "com.apple.product-type.application";
		};
		DAA48A12249B069400EC3011 /* SimpleCalculatorTests */ = {
			isa = PBXNativeTarget;
			buildConfigurationList = DAA48A2A249B069400EC3011 /* Build configuration list for PBXNativeTarget "SimpleCalculatorTests" */;
			buildPhases = (
				DAA48A0F249B069400EC3011 /* Sources */,
				DAA48A10249B069400EC3011 /* Frameworks */,
				DAA48A11249B069400EC3011 /* Resources */,
			);
			buildRules = (
			);
			dependencies = (
				DAA48A15249B069400EC3011 /* PBXTargetDependency */,
			);
			name = SimpleCalculatorTests;
			productName = SimpleCalculatorTests;
			productReference = DAA48A13249B069400EC3011 /* SimpleCalculatorTests.xctest */;
			productType = "com.apple.product-type.bundle.unit-test";
		};
		DAA48A1D249B069400EC3011 /* SimpleCalculatorUITests */ = {
			isa = PBXNativeTarget;
			buildConfigurationList = DAA48A2D249B069400EC3011 /* Build configuration list for PBXNativeTarget "SimpleCalculatorUITests" */;
			buildPhases = (
				DAA48A1A249B069400EC3011 /* Sources */,
				DAA48A1B249B069400EC3011 /* Frameworks */,
				DAA48A1C249B069400EC3011 /* Resources */,
			);
			buildRules = (
			);
			dependencies = (
				DAA48A20249B069400EC3011 /* PBXTargetDependency */,
			);
			name = SimpleCalculatorUITests;
			productName = SimpleCalculatorUITests;
			productReference = DAA48A1E249B069400EC3011 /* SimpleCalculatorUITests.xctest */;
			productType = "com.apple.product-type.bundle.ui-testing";
		};
/* End PBXNativeTarget section */

/* Begin PBXProject section */
		DAA489F5249B069000EC3011 /* Project object */ = {
			isa = PBXProject;
			attributes = {
				LastSwiftUpdateCheck = 1150;
				LastUpgradeCheck = 1150;
				ORGANIZATIONNAME = "Chethin Manage";
				TargetAttributes = {
					DAA489FC249B069000EC3011 = {
						CreatedOnToolsVersion = 11.5;
					};
					DAA48A12249B069400EC3011 = {
						CreatedOnToolsVersion = 11.5;
						TestTargetID = DAA489FC249B069000EC3011;
					};
					DAA48A1D249B069400EC3011 = {
						CreatedOnToolsVersion = 11.5;
						TestTargetID = DAA489FC249B069000EC3011;
					};
				};
			};
			buildConfigurationList = DAA489F8249B069000EC3011 /* Build configuration list for PBXProject "SimpleCalculator" */;
			compatibilityVersion = "Xcode 9.3";
			developmentRegion = en;
			hasScannedForEncodings = 0;
			knownRegions = (
				en,
				Base,
			);
			mainGroup = DAA489F4249B069000EC3011;
			productRefGroup = DAA489FE249B069000EC3011 /* Products */;
			projectDirPath = "";
			projectRoot = "";
			targets = (
				DAA489FC249B069000EC3011 /* SimpleCalculator */,
				DAA48A12249B069400EC3011 /* SimpleCalculatorTests */,
				DAA48A1D249B069400EC3011 /* SimpleCalculatorUITests */,
			);
		};
/* End PBXProject section */

/* Begin PBXResourcesBuildPhase section */
		DAA489FB249B069000EC3011 /* Resources */ = {
			isa = PBXResourcesBuildPhase;
			buildActionMask = 2147483647;
			files = (
				DAA48A0D249B069400EC3011 /* LaunchScreen.storyboard in Resources */,
				DAA48A0A249B069400EC3011 /* Assets.xcassets in Resources */,
				DAA48A08249B069000EC3011 /* Main.storyboard in Resources */,
			);
			runOnlyForDeploymentPostprocessing = 0;
		};
		DAA48A11249B069400EC3011 /* Resources */ = {
			isa = PBXResourcesBuildPhase;
			buildActionMask = 2147483647;
			files = (
			);
			runOnlyForDeploymentPostprocessing = 0;
		};
		DAA48A1C249B069400EC3011 /* Resources */ = {
			isa = PBXResourcesBuildPhase;
			buildActionMask = 2147483647;
			files = (
			);
			runOnlyForDeploymentPostprocessing = 0;
		};
/* End PBXResourcesBuildPhase section */

/* Begin PBXSourcesBuildPhase section */
		DAA489F9249B069000EC3011 /* Sources */ = {
			isa = PBXSourcesBuildPhase;
			buildActionMask = 2147483647;
			files = (
				DAA48A05249B069000EC3011 /* ViewController.swift in Sources */,
				DAA48A01249B069000EC3011 /* AppDelegate.swift in Sources */,
				DAA48A03249B069000EC3011 /* SceneDelegate.swift in Sources */,
			);
			runOnlyForDeploymentPostprocessing = 0;
		};
		DAA48A0F249B069400EC3011 /* Sources */ = {
			isa = PBXSourcesBuildPhase;
			buildActionMask = 2147483647;
			files = (
				DAA48A18249B069400EC3011 /* SimpleCalculatorTests.swift in Sources */,
			);
			runOnlyForDeploymentPostprocessing = 0;
		};
		DAA48A1A249B069400EC3011 /* Sources */ = {
			isa = PBXSourcesBuildPhase;
			buildActionMask = 2147483647;
			files = (
				DAA48A23249B069400EC3011 /* SimpleCalculatorUITests.swift in Sources */,
			);
			runOnlyForDeploymentPostprocessing = 0;
		};
/* End PBXSourcesBuildPhase section */

/* Begin PBXTargetDependency section */
		DAA48A15249B069400EC3011 /* PBXTargetDependency */ = {
			isa = PBXTargetDependency;
			target = DAA489FC249B069000EC3011 /* SimpleCalculator */;
			targetProxy = DAA48A14249B069400EC3011 /* PBXContainerItemProxy */;
		};
		DAA48A20249B069400EC3011 /* PBXTargetDependency */ = {
			isa = PBXTargetDependency;
			target = DAA489FC249B069000EC3011 /* SimpleCalculator */;
			targetProxy = DAA48A1F249B069400EC3011 /* PBXContainerItemProxy */;
		};
/* End PBXTargetDependency section */

/* Begin PBXVariantGroup section */
		DAA48A06249B069000EC3011 /* Main.storyboard */ = {
			isa = PBXVariantGroup;
			children = (
				DAA48A07249B069000EC3011 /* Base */,
			);
			name = Main.storyboard;
			sourceTree = "<group>";
		};
		DAA48A0B249B069400EC3011 /* LaunchScreen.storyboard */ = {
			isa = PBXVariantGroup;
			children = (
				DAA48A0C249B069400EC3011 /* Base */,
			);
			name = LaunchScreen.storyboard;
			sourceTree = "<group>";
		};
/* End PBXVariantGroup section */

/* Begin XCBuildConfiguration section */
		DAA48A25249B069400EC3011 /* Debug */ = {
			isa = XCBuildConfiguration;
			buildSettings = {
				ALWAYS_SEARCH_USER_PATHS = NO;
				CLANG_ANALYZER_NONNULL = YES;
				CLANG_ANALYZER_NUMBER_OBJECT_CONVERSION = YES_AGGRESSIVE;
				CLANG_CXX_LANGUAGE_STANDARD = "gnu++14";
				CLANG_CXX_LIBRARY = "libc++";
				CLANG_ENABLE_MODULES = YES;
				CLANG_ENABLE_OBJC_ARC = YES;
				CLANG_ENABLE_OBJC_WEAK = YES;
				CLANG_WARN_BLOCK_CAPTURE_AUTORELEASING = YES;
				CLANG_WARN_BOOL_CONVERSION = YES;
				CLANG_WARN_COMMA = YES;
				CLANG_WARN_CONSTANT_CONVERSION = YES;
				CLANG_WARN_DEPRECATED_OBJC_IMPLEMENTATIONS = YES;
				CLANG_WARN_DIRECT_OBJC_ISA_USAGE = YES_ERROR;
				CLANG_WARN_DOCUMENTATION_COMMENTS = YES;
				CLANG_WARN_EMPTY_BODY = YES;
				CLANG_WARN_ENUM_CONVERSION = YES;
				CLANG_WARN_INFINITE_RECURSION = YES;
				CLANG_WARN_INT_CONVERSION = YES;
				CLANG_WARN_NON_LITERAL_NULL_CONVERSION = YES;
				CLANG_WARN_OBJC_IMPLICIT_RETAIN_SELF = YES;
				CLANG_WARN_OBJC_LITERAL_CONVERSION = YES;
				CLANG_WARN_OBJC_ROOT_CLASS = YES_ERROR;
				CLANG_WARN_RANGE_LOOP_ANALYSIS = YES;
				CLANG_WARN_STRICT_PROTOTYPES = YES;
				CLANG_WARN_SUSPICIOUS_MOVE = YES;
				CLANG_WARN_UNGUARDED_AVAILABILITY = YES_AGGRESSIVE;
				CLANG_WARN_UNREACHABLE_CODE = YES;
				CLANG_WARN__DUPLICATE_METHOD_MATCH = YES;
				COPY_PHASE_STRIP = NO;
				DEBUG_INFORMATION_FORMAT = dwarf;
				ENABLE_STRICT_OBJC_MSGSEND = YES;
				ENABLE_TESTABILITY = YES;
				GCC_C_LANGUAGE_STANDARD = gnu11;
				GCC_DYNAMIC_NO_PIC = NO;
				GCC_NO_COMMON_BLOCKS = YES;
				GCC_OPTIMIZATION_LEVEL = 0;
				GCC_PREPROCESSOR_DEFINITIONS = (
					"DEBUG=1",
					"$(inherited)",
				);
				GCC_WARN_64_TO_32_BIT_CONVERSION = YES;
				GCC_WARN_ABOUT_RETURN_TYPE = YES_ERROR;
				GCC_WARN_UNDECLARED_SELECTOR = YES;
				GCC_WARN_UNINITIALIZED_AUTOS = YES_AGGRESSIVE;
				GCC_WARN_UNUSED_FUNCTION = YES;
				GCC_WARN_UNUSED_VARIABLE = YES;
				IPHONEOS_DEPLOYMENT_TARGET = 13.5;
				MTL_ENABLE_DEBUG_INFO = INCLUDE_SOURCE;
				MTL_FAST_MATH = YES;
				ONLY_ACTIVE_ARCH = YES;
				SDKROOT = iphoneos;
				SWIFT_ACTIVE_COMPILATION_CONDITIONS = DEBUG;
				SWIFT_OPTIMIZATION_LEVEL = "-Onone";
			};
			name = Debug;
		};
		DAA48A26249B069400EC3011 /* Release */ = {
			isa = XCBuildConfiguration;
			buildSettings = {
				ALWAYS_SEARCH_USER_PATHS = NO;
				CLANG_ANALYZER_NONNULL = YES;
				CLANG_ANALYZER_NUMBER_OBJECT_CONVERSION = YES_AGGRESSIVE;
				CLANG_CXX_LANGUAGE_STANDARD = "gnu++14";
				CLANG_CXX_LIBRARY = "libc++";
				CLANG_ENABLE_MODULES = YES;
				CLANG_ENABLE_OBJC_ARC = YES;
				CLANG_ENABLE_OBJC_WEAK = YES;
				CLANG_WARN_BLOCK_CAPTURE_AUTORELEASING = YES;
				CLANG_WARN_BOOL_CONVERSION = YES;
				CLANG_WARN_COMMA = YES;
				CLANG_WARN_CONSTANT_CONVERSION = YES;
				CLANG_WARN_DEPRECATED_OBJC_IMPLEMENTATIONS = YES;
				CLANG_WARN_DIRECT_OBJC_ISA_USAGE = YES_ERROR;
				CLANG_WARN_DOCUMENTATION_COMMENTS = YES;
				CLANG_WARN_EMPTY_BODY = YES;
				CLANG_WARN_ENUM_CONVERSION = YES;
				CLANG_WARN_INFINITE_RECURSION = YES;
				CLANG_WARN_INT_CONVERSION = YES;
				CLANG_WARN_NON_LITERAL_NULL_CONVERSION = YES;
				CLANG_WARN_OBJC_IMPLICIT_RETAIN_SELF = YES;
				CLANG_WARN_OBJC_LITERAL_CONVERSION = YES;
				CLANG_WARN_OBJC_ROOT_CLASS = YES_ERROR;
				CLANG_WARN_RANGE_LOOP_ANALYSIS = YES;
				CLANG_WARN_STRICT_PROTOTYPES = YES;
				CLANG_WARN_SUSPICIOUS_MOVE = YES;
				CLANG_WARN_UNGUARDED_AVAILABILITY = YES_AGGRESSIVE;
				CLANG_WARN_UNREACHABLE_CODE = YES;
				CLANG_WARN__DUPLICATE_METHOD_MATCH = YES;
				COPY_PHASE_STRIP = NO;
				DEBUG_INFORMATION_FORMAT = "dwarf-with-dsym";
				ENABLE_NS_ASSERTIONS = NO;
				ENABLE_STRICT_OBJC_MSGSEND = YES;
				GCC_C_LANGUAGE_STANDARD = gnu11;
				GCC_NO_COMMON_BLOCKS = YES;
				GCC_WARN_64_TO_32_BIT_CONVERSION = YES;
				GCC_WARN_ABOUT_RETURN_TYPE = YES_ERROR;
				GCC_WARN_UNDECLARED_SELECTOR = YES;
				GCC_WARN_UNINITIALIZED_AUTOS = YES_AGGRESSIVE;
				GCC_WARN_UNUSED_FUNCTION = YES;
				GCC_WARN_UNUSED_VARIABLE = YES;
				IPHONEOS_DEPLOYMENT_TARGET = 13.5;
				MTL_ENABLE_DEBUG_INFO = NO;
				MTL_FAST_MATH = YES;
				SDKROOT = iphoneos;
				SWIFT_COMPILATION_MODE = wholemodule;
				SWIFT_OPTIMIZATION_LEVEL = "-O";
				VALIDATE_PRODUCT = YES;
			};
			name = Release;
		};
		DAA48A28249B069400EC3011 /* Debug */ = {
			isa = XCBuildConfiguration;
			buildSettings = {
				ASSETCATALOG_COMPILER_APPICON_NAME = AppIcon;
				CODE_SIGN_STYLE = Automatic;
				INFOPLIST_FILE = SimpleCalculator/Info.plist;
				LD_RUNPATH_SEARCH_PATHS = (
					"$(inherited)",
					"@executable_path/Frameworks",
				);
				PRODUCT_BUNDLE_IDENTIFIER = io.github.cmanage.SimpleCalculator;
				PRODUCT_NAME = "$(TARGET_NAME)";
				SWIFT_VERSION = 5.0;
				TARGETED_DEVICE_FAMILY = "1,2";
			};
			name = Debug;
		};
		DAA48A29249B069400EC3011 /* Release */ = {
			isa = XCBuildConfiguration;
			buildSettings = {
				ASSETCATALOG_COMPILER_APPICON_NAME = AppIcon;
				CODE_SIGN_STYLE = Automatic;
				INFOPLIST_FILE = SimpleCalculator/Info.plist;
				LD_RUNPATH_SEARCH_PATHS = (
					"$(inherited)",
					"@executable_path/Frameworks",
				);
				PRODUCT_BUNDLE_IDENTIFIER = io.github.cmanage.SimpleCalculator;
				PRODUCT_NAME = "$(TARGET_NAME)";
				SWIFT_VERSION = 5.0;
				TARGETED_DEVICE_FAMILY = "1,2";
			};
			name = Release;
		};
		DAA48A2B249B069400EC3011 /* Debug */ = {
			isa = XCBuildConfiguration;
			buildSettings = {
				ALWAYS_EMBED_SWIFT_STANDARD_LIBRARIES = YES;
				BUNDLE_LOADER = "$(TEST_HOST)";
				CODE_SIGN_STYLE = Automatic;
				INFOPLIST_FILE = SimpleCalculatorTests/Info.plist;
				IPHONEOS_DEPLOYMENT_TARGET = 13.5;
				LD_RUNPATH_SEARCH_PATHS = (
					"$(inherited)",
					"@executable_path/Frameworks",
					"@loader_path/Frameworks",
				);
				PRODUCT_BUNDLE_IDENTIFIER = io.github.cmanage.SimpleCalculatorTests;
				PRODUCT_NAME = "$(TARGET_NAME)";
				SWIFT_VERSION = 5.0;
				TARGETED_DEVICE_FAMILY = "1,2";
				TEST_HOST = "$(BUILT_PRODUCTS_DIR)/SimpleCalculator.app/SimpleCalculator";
			};
			name = Debug;
		};
		DAA48A2C249B069400EC3011 /* Release */ = {
			isa = XCBuildConfiguration;
			buildSettings = {
				ALWAYS_EMBED_SWIFT_STANDARD_LIBRARIES = YES;
				BUNDLE_LOADER = "$(TEST_HOST)";
				CODE_SIGN_STYLE = Automatic;
				INFOPLIST_FILE = SimpleCalculatorTests/Info.plist;
				IPHONEOS_DEPLOYMENT_TARGET = 13.5;
				LD_RUNPATH_SEARCH_PATHS = (
					"$(inherited)",
					"@executable_path/Frameworks",
					"@loader_path/Frameworks",
				);
				PRODUCT_BUNDLE_IDENTIFIER = io.github.cmanage.SimpleCalculatorTests;
				PRODUCT_NAME = "$(TARGET_NAME)";
				SWIFT_VERSION = 5.0;
				TARGETED_DEVICE_FAMILY = "1,2";
				TEST_HOST = "$(BUILT_PRODUCTS_DIR)/SimpleCalculator.app/SimpleCalculator";
			};
			name = Release;
		};
		DAA48A2E249B069400EC3011 /* Debug */ = {
			isa = XCBuildConfiguration;
			buildSettings = {
				ALWAYS_EMBED_SWIFT_STANDARD_LIBRARIES = YES;
				CODE_SIGN_STYLE = Automatic;
				INFOPLIST_FILE = SimpleCalculatorUITests/Info.plist;
				LD_RUNPATH_SEARCH_PATHS = (
					"$(inherited)",
					"@executable_path/Frameworks",
					"@loader_path/Frameworks",
				);
				PRODUCT_BUNDLE_IDENTIFIER = io.github.cmanage.SimpleCalculatorUITests;
				PRODUCT_NAME = "$(TARGET_NAME)";
				SWIFT_VERSION = 5.0;
				TARGETED_DEVICE_FAMILY = "1,2";
				TEST_TARGET_NAME = SimpleCalculator;
			};
			name = Debug;
		};
		DAA48A2F249B069400EC3011 /* Release */ = {
			isa = XCBuildConfiguration;
			buildSettings = {
				ALWAYS_EMBED_SWIFT_STANDARD_LIBRARIES = YES;
				CODE_SIGN_STYLE = Automatic;
				INFOPLIST_FILE = SimpleCalculatorUITests/Info.plist;
				LD_RUNPATH_SEARCH_PATHS = (
					"$(inherited)",
					"@executable_path/Frameworks",
					"@loader_path/Frameworks",
				);
				PRODUCT_BUNDLE_IDENTIFIER = io.github.cmanage.SimpleCalculatorUITests;
				PRODUCT_NAME = "$(TARGET_NAME)";
				SWIFT_VERSION = 5.0;
				TARGETED_DEVICE_FAMILY = "1,2";
				TEST_TARGET_NAME = SimpleCalculator;
			};
			name = Release;
		};
/* End XCBuildConfiguration section */

/* Begin XCConfigurationList section */
		DAA489F8249B069000EC3011 /* Build configuration list for PBXProject "SimpleCalculator" */ = {
			isa = XCConfigurationList;
			buildConfigurations = (
				DAA48A25249B069400EC3011 /* Debug */,
				DAA48A26249B069400EC3011 /* Release */,
			);
			defaultConfigurationIsVisible = 0;
			defaultConfigurationName = Release;
		};
		DAA48A27249B069400EC3011 /* Build configuration list for PBXNativeTarget "SimpleCalculator" */ = {
			isa = XCConfigurationList;
			buildConfigurations = (
				DAA48A28249B069400EC3011 /* Debug */,
				DAA48A29249B069400EC3011 /* Release */,
			);
			defaultConfigurationIsVisible = 0;
			defaultConfigurationName = Release;
		};
		DAA48A2A249B069400EC3011 /* Build configuration list for PBXNativeTarget "SimpleCalculatorTests" */ = {
			isa = XCConfigurationList;
			buildConfigurations = (
				DAA48A2B249B069400EC3011 /* Debug */,
				DAA48A2C249B069400EC3011 /* Release */,
			);
			defaultConfigurationIsVisible = 0;
			defaultConfigurationName = Release;
		};
		DAA48A2D249B069400EC3011 /* Build configuration list for PBXNativeTarget "SimpleCalculatorUITests" */ = {
			isa = XCConfigurationList;
			buildConfigurations = (
				DAA48A2E249B069400EC3011 /* Debug */,
				DAA48A2F249B069400EC3011 /* Release */,
			);
			defaultConfigurationIsVisible = 0;
			defaultConfigurationName = Release;
		};
/* End XCConfigurationList section */
	};
	rootObject = DAA489F5249B069000EC3011 /* Project object */;
}
